
Microsoft Visual Studio Solution File, Format Version 12.00
# Visual Studio Version 16
VisualStudioVersion = 16.0.31729.503
MinimumVisualStudioVersion = 10.0.40219.1
Project("{FAE04EC0-301F-11D3-BF4B-00C04F79EFBC}") = "Calculator", "Calculator\Calculator.csproj", "{BAEF0C54-3402-42F7-B6AC-834671384A76}"
EndProject
Global
	GlobalSection(SolutionConfigurationPlatforms) = preSolution
		Debug|Any CPU = Debug|Any CPU
		Release|Any CPU = Release|Any CPU
	EndGlobalSection
	GlobalSection(ProjectConfigurationPlatforms) = postSolution
		{BAEF0C54-3402-42F7-B6AC-834671384A76}.Debug|Any CPU.ActiveCfg = Debug|Any CPU
		{BAEF0C54-3402-42F7-B6AC-834671384A76}.Debug|Any CPU.Build.0 = Debug|Any CPU
		{BAEF0C54-3402-42F7-B6AC-834671384A76}.Release|Any CPU.ActiveCfg = Release|Any CPU
		{BAEF0C54-3402-42F7-B6AC-834671384A76}.Release|Any CPU.Build.0 = Release|Any CPU
	EndGlobalSection
	GlobalSection(SolutionProperties) = preSolution
		HideSolutionNode = FALSE
	EndGlobalSection
	GlobalSection(ExtensibilityGlobals) = postSolution
		SolutionGuid = {8C8AB15B-B51B-45CD-99D2-902D9A4CAD2A}
	EndGlobalSection
EndGlobal
