
Microsoft Visual Studio Solution File, Format Version 12.00
# Visual Studio Version 16
VisualStudioVersion = 16.0.31729.503
MinimumVisualStudioVersion = 10.0.40219.1
Project("{FAE04EC0-301F-11D3-BF4B-00C04F79EFBC}") = "String Reversal", "String Reversal\String Reversal.csproj", "{FA334089-E990-4332-884E-E65793683090}"
EndProject
Global
	GlobalSection(SolutionConfigurationPlatforms) = preSolution
		Debug|Any CPU = Debug|Any CPU
		Release|Any CPU = Release|Any CPU
	EndGlobalSection
	GlobalSection(ProjectConfigurationPlatforms) = postSolution
		{FA334089-E990-4332-884E-E65793683090}.Debug|Any CPU.ActiveCfg = Debug|Any CPU
		{FA334089-E990-4332-884E-E65793683090}.Debug|Any CPU.Build.0 = Debug|Any CPU
		{FA334089-E990-4332-884E-E65793683090}.Release|Any CPU.ActiveCfg = Release|Any CPU
		{FA334089-E990-4332-884E-E65793683090}.Release|Any CPU.Build.0 = Release|Any CPU
	EndGlobalSection
	GlobalSection(SolutionProperties) = preSolution
		HideSolutionNode = FALSE
	EndGlobalSection
	GlobalSection(ExtensibilityGlobals) = postSolution
		SolutionGuid = {D469177F-7510-46A5-82B2-C97B8FF8FC95}
	EndGlobalSection
EndGlobal
