
Microsoft Visual Studio Solution File, Format Version 12.00
# Visual Studio Version 16
VisualStudioVersion = 16.0.31729.503
MinimumVisualStudioVersion = 10.0.40219.1
Project("{FAE04EC0-301F-11D3-BF4B-00C04F79EFBC}") = "The Areas Program", "The Areas Program\The Areas Program.csproj", "{22AA4E7F-6BE4-4B07-84F3-D50297B1E010}"
EndProject
Global
	GlobalSection(SolutionConfigurationPlatforms) = preSolution
		Debug|Any CPU = Debug|Any CPU
		Release|Any CPU = Release|Any CPU
	EndGlobalSection
	GlobalSection(ProjectConfigurationPlatforms) = postSolution
		{22AA4E7F-6BE4-4B07-84F3-D50297B1E010}.Debug|Any CPU.ActiveCfg = Debug|Any CPU
		{22AA4E7F-6BE4-4B07-84F3-D50297B1E010}.Debug|Any CPU.Build.0 = Debug|Any CPU
		{22AA4E7F-6BE4-4B07-84F3-D50297B1E010}.Release|Any CPU.ActiveCfg = Release|Any CPU
		{22AA4E7F-6BE4-4B07-84F3-D50297B1E010}.Release|Any CPU.Build.0 = Release|Any CPU
	EndGlobalSection
	GlobalSection(SolutionProperties) = preSolution
		HideSolutionNode = FALSE
	EndGlobalSection
	GlobalSection(ExtensibilityGlobals) = postSolution
		SolutionGuid = {361FC95B-0BCF-4352-BA35-BB8443B0828E}
	EndGlobalSection
EndGlobal
