
Microsoft Visual Studio Solution File, Format Version 12.00
# Visual Studio Version 16
VisualStudioVersion = 16.0.31729.503
MinimumVisualStudioVersion = 10.0.40219.1
Project("{FAE04EC0-301F-11D3-BF4B-00C04F79EFBC}") = "Number1-99", "Number1-99\Number1-99.csproj", "{BA2A495A-DD00-489F-B03F-23DEB736EA04}"
EndProject
Global
	GlobalSection(SolutionConfigurationPlatforms) = preSolution
		Debug|Any CPU = Debug|Any CPU
		Release|Any CPU = Release|Any CPU
	EndGlobalSection
	GlobalSection(ProjectConfigurationPlatforms) = postSolution
		{BA2A495A-DD00-489F-B03F-23DEB736EA04}.Debug|Any CPU.ActiveCfg = Debug|Any CPU
		{BA2A495A-DD00-489F-B03F-23DEB736EA04}.Debug|Any CPU.Build.0 = Debug|Any CPU
		{BA2A495A-DD00-489F-B03F-23DEB736EA04}.Release|Any CPU.ActiveCfg = Release|Any CPU
		{BA2A495A-DD00-489F-B03F-23DEB736EA04}.Release|Any CPU.Build.0 = Release|Any CPU
	EndGlobalSection
	GlobalSection(SolutionProperties) = preSolution
		HideSolutionNode = FALSE
	EndGlobalSection
	GlobalSection(ExtensibilityGlobals) = postSolution
		SolutionGuid = {636B51C4-8C2E-4B15-8263-5B9EF68949DA}
	EndGlobalSection
EndGlobal
