
Microsoft Visual Studio Solution File, Format Version 12.00
# Visual Studio Version 16
VisualStudioVersion = 16.0.31729.503
MinimumVisualStudioVersion = 10.0.40219.1
Project("{FAE04EC0-301F-11D3-BF4B-00C04F79EFBC}") = "MyTestProject", "MyTestProject\MyTestProject.csproj", "{AD4CF22B-F1E2-4964-A978-76364F7E4D96}"
EndProject
Global
	GlobalSection(SolutionConfigurationPlatforms) = preSolution
		Debug|Any CPU = Debug|Any CPU
		Release|Any CPU = Release|Any CPU
	EndGlobalSection
	GlobalSection(ProjectConfigurationPlatforms) = postSolution
		{AD4CF22B-F1E2-4964-A978-76364F7E4D96}.Debug|Any CPU.ActiveCfg = Debug|Any CPU
		{AD4CF22B-F1E2-4964-A978-76364F7E4D96}.Debug|Any CPU.Build.0 = Debug|Any CPU
		{AD4CF22B-F1E2-4964-A978-76364F7E4D96}.Release|Any CPU.ActiveCfg = Release|Any CPU
		{AD4CF22B-F1E2-4964-A978-76364F7E4D96}.Release|Any CPU.Build.0 = Release|Any CPU
	EndGlobalSection
	GlobalSection(SolutionProperties) = preSolution
		HideSolutionNode = FALSE
	EndGlobalSection
	GlobalSection(ExtensibilityGlobals) = postSolution
		SolutionGuid = {55D3DD96-5789-4D6C-9CA3-3190330F9170}
	EndGlobalSection
EndGlobal
