
Microsoft Visual Studio Solution File, Format Version 12.00
# Visual Studio Version 16
VisualStudioVersion = 16.0.31729.503
MinimumVisualStudioVersion = 10.0.40219.1
Project("{FAE04EC0-301F-11D3-BF4B-00C04F79EFBC}") = "Anagrams", "Anagrams\Anagrams.csproj", "{E7BCF2C7-6D39-4271-9729-2C274E54E20C}"
EndProject
Global
	GlobalSection(SolutionConfigurationPlatforms) = preSolution
		Debug|Any CPU = Debug|Any CPU
		Release|Any CPU = Release|Any CPU
	EndGlobalSection
	GlobalSection(ProjectConfigurationPlatforms) = postSolution
		{E7BCF2C7-6D39-4271-9729-2C274E54E20C}.Debug|Any CPU.ActiveCfg = Debug|Any CPU
		{E7BCF2C7-6D39-4271-9729-2C274E54E20C}.Debug|Any CPU.Build.0 = Debug|Any CPU
		{E7BCF2C7-6D39-4271-9729-2C274E54E20C}.Release|Any CPU.ActiveCfg = Release|Any CPU
		{E7BCF2C7-6D39-4271-9729-2C274E54E20C}.Release|Any CPU.Build.0 = Release|Any CPU
	EndGlobalSection
	GlobalSection(SolutionProperties) = preSolution
		HideSolutionNode = FALSE
	EndGlobalSection
	GlobalSection(ExtensibilityGlobals) = postSolution
		SolutionGuid = {0A96347D-F39A-4E1F-84D4-40FDB05D1863}
	EndGlobalSection
EndGlobal
